PODS:
  - NickelSwift (0.1.0):
    - RealmSwift
    - SwiftyJSON
  - Realm (0.98.1):
    - Realm/Headers (= 0.98.1)
  - Realm/Headers (0.98.1)
  - RealmSwift (0.98.1):
    - Realm (= 0.98.1)
  - SwiftyJSON (2.3.2)

DEPENDENCIES:
  - NickelSwift (from `~/Documents/projects/riana.io/Nickel/NickelSwift`)

EXTERNAL SOURCES:
  NickelSwift:
    :path: ~/Documents/projects/riana.io/Nickel/NickelSwift

SPEC CHECKSUMS:
  NickelSwift: e05eaf13a5bb39825b15deffb09c4f79d39adebd
  Realm: ca4a4122e939e228e10694fc49011386cb2ecb07
  RealmSwift: 7d3c7033427816a2c3417ba0d004d694987e503a
  SwiftyJSON: 04ccea08915aa0109039157c7974cf0298da292a

COCOAPODS: 0.39.0
