PODS:
  - NickelSwift (0.1.0):
    - RealmSwift
    - SwiftyJSON
  - Realm (0.98.5):
    - Realm/Headers (= 0.98.5)
  - Realm/Headers (0.98.5)
  - RealmSwift (0.98.5):
    - Realm (= 0.98.5)
  - SwiftyJSON (2.3.2)

DEPENDENCIES:
  - NickelSwift (from `~/Documents/projects/riana.io/Nickel/NickelSwift`)

EXTERNAL SOURCES:
  NickelSwift:
    :path: ~/Documents/projects/riana.io/Nickel/NickelSwift

SPEC CHECKSUMS:
  NickelSwift: e05eaf13a5bb39825b15deffb09c4f79d39adebd
  Realm: db08379969e45cea2edd1c3c0a090fe9e22d2d2f
  RealmSwift: cb11ad1c35e15dc982f2dbf5afe2a3124193a358
  SwiftyJSON: 04ccea08915aa0109039157c7974cf0298da292a

COCOAPODS: 0.39.0
