PODS:
  - NickelSwift (0.1.0):
    - RealmSwift
    - SwiftyJSON
  - Realm (0.98.3):
    - Realm/Headers (= 0.98.3)
  - Realm/Headers (0.98.3)
  - RealmSwift (0.98.3):
    - Realm (= 0.98.3)
  - SwiftyJSON (2.3.2)

DEPENDENCIES:
  - NickelSwift (from `~/Documents/projects/riana.io/Nickel/NickelSwift`)

EXTERNAL SOURCES:
  NickelSwift:
    :path: ~/Documents/projects/riana.io/Nickel/NickelSwift

SPEC CHECKSUMS:
  NickelSwift: e05eaf13a5bb39825b15deffb09c4f79d39adebd
  Realm: c6a7d00221a2d5177810a674aebd40c5e0b70b0f
  RealmSwift: d6ecad6e4c2a645d6ac956c2c7e9efb375f39c31
  SwiftyJSON: 04ccea08915aa0109039157c7974cf0298da292a

COCOAPODS: 0.39.0
